{
  "name": "demo-app",
  "version": "1.0.0",
  "lockfileVersion": 3,
  "requires": true,
  "packages": {
    "": {
      "name": "demo-app",
      "version": "1.0.0",
      "dependencies": {
        "left-pad": "1.0.0"
      }
    },
    "node_modules/left-pad": {
      "version": "1.0.0",
      "resolved": "https://registry.npmjs.org/left-pad/-/left-pad-1.0.0.tgz",
      "integrity": "sha512-000000000000000000000000000000000000000000000000000000000000000000000000000000000000A="
    }
  }
}
