# THIS IS AN AUTOGENERATED FILE. DO NOT EDIT THIS FILE DIRECTLY.
# yarn lockfile v1

old-build-tool@2.0.0:
  version "2.0.0"
  resolved "https://registry.yarnpkg.com/old-build-tool/-/old-build-tool-2.0.0.tgz"
  dependencies:
    minimist "^1.2.0"

minimist@^1.2.0:
  version "1.2.5"
  resolved "https://registry.yarnpkg.com/minimist/-/minimist-1.2.5.tgz"
